
Microsoft Visual Studio Solution File, Format Version 12.00
# Visual Studio 2013
VisualStudioVersion = 12.0.21005.1
MinimumVisualStudioVersion = 10.0.40219.1
Project("{E24C65DC-7377-472B-9ABA-BC803B73C61A}") = "CLMWEBSITE(2)", "http://localhost:4713", "{651558B5-F8B4-41A5-9B06-37FD4065446C}"
	ProjectSection(WebsiteProperties) = preProject
		UseIISExpress = "true"
		TargetFrameworkMoniker = ".NETFramework,Version%3Dv4.5"
		Debug.AspNetCompiler.VirtualPath = "/localhost_4713"
		Debug.AspNetCompiler.PhysicalPath = "..\CLMWEBSITE\"
		Debug.AspNetCompiler.TargetPath = "PrecompiledWeb\localhost_4713\"
		Debug.AspNetCompiler.Updateable = "true"
		Debug.AspNetCompiler.ForceOverwrite = "true"
		Debug.AspNetCompiler.FixedNames = "false"
		Debug.AspNetCompiler.Debug = "True"
		Release.AspNetCompiler.VirtualPath = "/localhost_4713"
		Release.AspNetCompiler.PhysicalPath = "..\CLMWEBSITE\"
		Release.AspNetCompiler.TargetPath = "PrecompiledWeb\localhost_4713\"
		Release.AspNetCompiler.Updateable = "true"
		Release.AspNetCompiler.ForceOverwrite = "true"
		Release.AspNetCompiler.FixedNames = "false"
		Release.AspNetCompiler.Debug = "False"
		SlnRelativePath = "..\CLMWEBSITE\"
	EndProjectSection
EndProject
Global
	GlobalSection(SolutionConfigurationPlatforms) = preSolution
		Debug|Any CPU = Debug|Any CPU
	EndGlobalSection
	GlobalSection(ProjectConfigurationPlatforms) = postSolution
		{651558B5-F8B4-41A5-9B06-37FD4065446C}.Debug|Any CPU.ActiveCfg = Debug|Any CPU
		{651558B5-F8B4-41A5-9B06-37FD4065446C}.Debug|Any CPU.Build.0 = Debug|Any CPU
	EndGlobalSection
	GlobalSection(SolutionProperties) = preSolution
		HideSolutionNode = FALSE
	EndGlobalSection
EndGlobal
